
Microsoft Visual Studio Solution File, Format Version 12.00
# Visual Studio Version 17
VisualStudioVersion = 17.5.33414.496
MinimumVisualStudioVersion = 10.0.40219.1
Project("{8BC9CEB8-8B4A-11D0-8D11-00A0C91BC942}") = "CPUBackend", "CPUBackend\CPUBackend.vcxproj", "{9E239AF4-88D0-46D5-A7F9-8DF1DC360F88}"
EndProject
Project("{9A19103F-16F7-4668-BE54-9A1E7A4F7556}") = "UserInterface", "UserInterface\UserInterface.csproj", "{A406C9C7-7CD6-4AA2-8D1D-8F1683499537}"
	ProjectSection(ProjectDependencies) = postProject
		{9E239AF4-88D0-46D5-A7F9-8DF1DC360F88} = {9E239AF4-88D0-46D5-A7F9-8DF1DC360F88}
		{DDDD0D8F-5977-4489-B41B-03B5EA00DECA} = {DDDD0D8F-5977-4489-B41B-03B5EA00DECA}
		{ECA6C4FF-7826-4804-9243-F7A35C78424D} = {ECA6C4FF-7826-4804-9243-F7A35C78424D}
	EndProjectSection
EndProject
Project("{9A19103F-16F7-4668-BE54-9A1E7A4F7556}") = "Visualisation", "Visualisation\Visualisation.csproj", "{DDDD0D8F-5977-4489-B41B-03B5EA00DECA}"
EndProject
Project("{8BC9CEB8-8B4A-11D0-8D11-00A0C91BC942}") = "BackendLib", "BackendLib\BackendLib.vcxproj", "{9C4B6F78-3CE0-4510-ACE4-7676A82AF8CD}"
EndProject
Project("{8BC9CEB8-8B4A-11D0-8D11-00A0C91BC942}") = "GPUBackend", "GPUBackend\GPUBackend.vcxproj", "{ECA6C4FF-7826-4804-9243-F7A35C78424D}"
EndProject
Project("{2150E333-8FDC-42A3-9474-1A3956D46DE8}") = "Solution Items", "Solution Items", "{CDDA4D80-E37D-4F1C-BBA3-3648B0A6F3BC}"
	ProjectSection(SolutionItems) = preProject
		.gitignore = .gitignore
	EndProjectSection
EndProject
Project("{FAE04EC0-301F-11D3-BF4B-00C04F79EFBC}") = "FileMakerHardCoded", "FileMakerHardCoded\FileMakerHardCoded.csproj", "{199952F4-6AAA-40DA-8176-4D98763369BB}"
EndProject
Global
	GlobalSection(SolutionConfigurationPlatforms) = preSolution
		Debug|Any CPU = Debug|Any CPU
		Debug|x64 = Debug|x64
		Debug|x86 = Debug|x86
		Release|Any CPU = Release|Any CPU
		Release|x64 = Release|x64
		Release|x86 = Release|x86
	EndGlobalSection
	GlobalSection(ProjectConfigurationPlatforms) = postSolution
		{9E239AF4-88D0-46D5-A7F9-8DF1DC360F88}.Debug|Any CPU.ActiveCfg = Debug|x64
		{9E239AF4-88D0-46D5-A7F9-8DF1DC360F88}.Debug|Any CPU.Build.0 = Debug|x64
		{9E239AF4-88D0-46D5-A7F9-8DF1DC360F88}.Debug|x64.ActiveCfg = Debug|x64
		{9E239AF4-88D0-46D5-A7F9-8DF1DC360F88}.Debug|x64.Build.0 = Debug|x64
		{9E239AF4-88D0-46D5-A7F9-8DF1DC360F88}.Debug|x86.ActiveCfg = Debug|Win32
		{9E239AF4-88D0-46D5-A7F9-8DF1DC360F88}.Debug|x86.Build.0 = Debug|Win32
		{9E239AF4-88D0-46D5-A7F9-8DF1DC360F88}.Release|Any CPU.ActiveCfg = Release|x64
		{9E239AF4-88D0-46D5-A7F9-8DF1DC360F88}.Release|Any CPU.Build.0 = Release|x64
		{9E239AF4-88D0-46D5-A7F9-8DF1DC360F88}.Release|x64.ActiveCfg = Release|x64
		{9E239AF4-88D0-46D5-A7F9-8DF1DC360F88}.Release|x64.Build.0 = Release|x64
		{9E239AF4-88D0-46D5-A7F9-8DF1DC360F88}.Release|x86.ActiveCfg = Release|Win32
		{9E239AF4-88D0-46D5-A7F9-8DF1DC360F88}.Release|x86.Build.0 = Release|Win32
		{A406C9C7-7CD6-4AA2-8D1D-8F1683499537}.Debug|Any CPU.ActiveCfg = Debug|Any CPU
		{A406C9C7-7CD6-4AA2-8D1D-8F1683499537}.Debug|Any CPU.Build.0 = Debug|Any CPU
		{A406C9C7-7CD6-4AA2-8D1D-8F1683499537}.Debug|x64.ActiveCfg = Debug|Any CPU
		{A406C9C7-7CD6-4AA2-8D1D-8F1683499537}.Debug|x64.Build.0 = Debug|Any CPU
		{A406C9C7-7CD6-4AA2-8D1D-8F1683499537}.Debug|x86.ActiveCfg = Debug|Any CPU
		{A406C9C7-7CD6-4AA2-8D1D-8F1683499537}.Debug|x86.Build.0 = Debug|Any CPU
		{A406C9C7-7CD6-4AA2-8D1D-8F1683499537}.Release|Any CPU.ActiveCfg = Release|Any CPU
		{A406C9C7-7CD6-4AA2-8D1D-8F1683499537}.Release|Any CPU.Build.0 = Release|Any CPU
		{A406C9C7-7CD6-4AA2-8D1D-8F1683499537}.Release|x64.ActiveCfg = Release|Any CPU
		{A406C9C7-7CD6-4AA2-8D1D-8F1683499537}.Release|x64.Build.0 = Release|Any CPU
		{A406C9C7-7CD6-4AA2-8D1D-8F1683499537}.Release|x86.ActiveCfg = Release|Any CPU
		{A406C9C7-7CD6-4AA2-8D1D-8F1683499537}.Release|x86.Build.0 = Release|Any CPU
		{DDDD0D8F-5977-4489-B41B-03B5EA00DECA}.Debug|Any CPU.ActiveCfg = Debug|Any CPU
		{DDDD0D8F-5977-4489-B41B-03B5EA00DECA}.Debug|Any CPU.Build.0 = Debug|Any CPU
		{DDDD0D8F-5977-4489-B41B-03B5EA00DECA}.Debug|x64.ActiveCfg = Debug|Any CPU
		{DDDD0D8F-5977-4489-B41B-03B5EA00DECA}.Debug|x64.Build.0 = Debug|Any CPU
		{DDDD0D8F-5977-4489-B41B-03B5EA00DECA}.Debug|x86.ActiveCfg = Debug|Any CPU
		{DDDD0D8F-5977-4489-B41B-03B5EA00DECA}.Debug|x86.Build.0 = Debug|Any CPU
		{DDDD0D8F-5977-4489-B41B-03B5EA00DECA}.Release|Any CPU.ActiveCfg = Release|Any CPU
		{DDDD0D8F-5977-4489-B41B-03B5EA00DECA}.Release|Any CPU.Build.0 = Release|Any CPU
		{DDDD0D8F-5977-4489-B41B-03B5EA00DECA}.Release|x64.ActiveCfg = Release|Any CPU
		{DDDD0D8F-5977-4489-B41B-03B5EA00DECA}.Release|x64.Build.0 = Release|Any CPU
		{DDDD0D8F-5977-4489-B41B-03B5EA00DECA}.Release|x86.ActiveCfg = Release|Any CPU
		{DDDD0D8F-5977-4489-B41B-03B5EA00DECA}.Release|x86.Build.0 = Release|Any CPU
		{9C4B6F78-3CE0-4510-ACE4-7676A82AF8CD}.Debug|Any CPU.ActiveCfg = Debug|x64
		{9C4B6F78-3CE0-4510-ACE4-7676A82AF8CD}.Debug|Any CPU.Build.0 = Debug|x64
		{9C4B6F78-3CE0-4510-ACE4-7676A82AF8CD}.Debug|x64.ActiveCfg = Debug|x64
		{9C4B6F78-3CE0-4510-ACE4-7676A82AF8CD}.Debug|x64.Build.0 = Debug|x64
		{9C4B6F78-3CE0-4510-ACE4-7676A82AF8CD}.Debug|x86.ActiveCfg = Debug|Win32
		{9C4B6F78-3CE0-4510-ACE4-7676A82AF8CD}.Debug|x86.Build.0 = Debug|Win32
		{9C4B6F78-3CE0-4510-ACE4-7676A82AF8CD}.Release|Any CPU.ActiveCfg = Release|x64
		{9C4B6F78-3CE0-4510-ACE4-7676A82AF8CD}.Release|Any CPU.Build.0 = Release|x64
		{9C4B6F78-3CE0-4510-ACE4-7676A82AF8CD}.Release|x64.ActiveCfg = Release|x64
		{9C4B6F78-3CE0-4510-ACE4-7676A82AF8CD}.Release|x64.Build.0 = Release|x64
		{9C4B6F78-3CE0-4510-ACE4-7676A82AF8CD}.Release|x86.ActiveCfg = Release|Win32
		{9C4B6F78-3CE0-4510-ACE4-7676A82AF8CD}.Release|x86.Build.0 = Release|Win32
		{ECA6C4FF-7826-4804-9243-F7A35C78424D}.Debug|Any CPU.ActiveCfg = Debug|x64
		{ECA6C4FF-7826-4804-9243-F7A35C78424D}.Debug|Any CPU.Build.0 = Debug|x64
		{ECA6C4FF-7826-4804-9243-F7A35C78424D}.Debug|x64.ActiveCfg = Debug|x64
		{ECA6C4FF-7826-4804-9243-F7A35C78424D}.Debug|x64.Build.0 = Debug|x64
		{ECA6C4FF-7826-4804-9243-F7A35C78424D}.Debug|x86.ActiveCfg = Debug|x64
		{ECA6C4FF-7826-4804-9243-F7A35C78424D}.Debug|x86.Build.0 = Debug|x64
		{ECA6C4FF-7826-4804-9243-F7A35C78424D}.Release|Any CPU.ActiveCfg = Release|x64
		{ECA6C4FF-7826-4804-9243-F7A35C78424D}.Release|Any CPU.Build.0 = Release|x64
		{ECA6C4FF-7826-4804-9243-F7A35C78424D}.Release|x64.ActiveCfg = Release|x64
		{ECA6C4FF-7826-4804-9243-F7A35C78424D}.Release|x64.Build.0 = Release|x64
		{ECA6C4FF-7826-4804-9243-F7A35C78424D}.Release|x86.ActiveCfg = Release|x64
		{ECA6C4FF-7826-4804-9243-F7A35C78424D}.Release|x86.Build.0 = Release|x64
		{199952F4-6AAA-40DA-8176-4D98763369BB}.Debug|Any CPU.ActiveCfg = Debug|Any CPU
		{199952F4-6AAA-40DA-8176-4D98763369BB}.Debug|Any CPU.Build.0 = Debug|Any CPU
		{199952F4-6AAA-40DA-8176-4D98763369BB}.Debug|x64.ActiveCfg = Debug|Any CPU
		{199952F4-6AAA-40DA-8176-4D98763369BB}.Debug|x64.Build.0 = Debug|Any CPU
		{199952F4-6AAA-40DA-8176-4D98763369BB}.Debug|x86.ActiveCfg = Debug|Any CPU
		{199952F4-6AAA-40DA-8176-4D98763369BB}.Debug|x86.Build.0 = Debug|Any CPU
		{199952F4-6AAA-40DA-8176-4D98763369BB}.Release|Any CPU.ActiveCfg = Release|Any CPU
		{199952F4-6AAA-40DA-8176-4D98763369BB}.Release|Any CPU.Build.0 = Release|Any CPU
		{199952F4-6AAA-40DA-8176-4D98763369BB}.Release|x64.ActiveCfg = Release|Any CPU
		{199952F4-6AAA-40DA-8176-4D98763369BB}.Release|x64.Build.0 = Release|Any CPU
		{199952F4-6AAA-40DA-8176-4D98763369BB}.Release|x86.ActiveCfg = Release|Any CPU
		{199952F4-6AAA-40DA-8176-4D98763369BB}.Release|x86.Build.0 = Release|Any CPU
	EndGlobalSection
	GlobalSection(SolutionProperties) = preSolution
		HideSolutionNode = FALSE
	EndGlobalSection
	GlobalSection(ExtensibilityGlobals) = postSolution
		SolutionGuid = {299527BA-EE5F-40B7-877A-B245B1047DF1}
	EndGlobalSection
EndGlobal
